
Microsoft Visual Studio Solution File, Format Version 12.00
# Visual Studio Version 17
VisualStudioVersion = 17.7.34202.233
MinimumVisualStudioVersion = 10.0.40219.1
Project("{FAE04EC0-301F-11D3-BF4B-00C04F79EFBC}") = "Nilsson", "Nilsson.csproj", "{7A61D136-27C5-4F4B-8ADE-44A6F8F4D67E}"
EndProject
Global
	GlobalSection(SolutionConfigurationPlatforms) = preSolution
		Debug|Any CPU = Debug|Any CPU
		Release|Any CPU = Release|Any CPU
	EndGlobalSection
	GlobalSection(ProjectConfigurationPlatforms) = postSolution
		{7A61D136-27C5-4F4B-8ADE-44A6F8F4D67E}.Debug|Any CPU.ActiveCfg = Debug|Any CPU
		{7A61D136-27C5-4F4B-8ADE-44A6F8F4D67E}.Debug|Any CPU.Build.0 = Debug|Any CPU
		{7A61D136-27C5-4F4B-8ADE-44A6F8F4D67E}.Release|Any CPU.ActiveCfg = Release|Any CPU
		{7A61D136-27C5-4F4B-8ADE-44A6F8F4D67E}.Release|Any CPU.Build.0 = Release|Any CPU
	EndGlobalSection
	GlobalSection(SolutionProperties) = preSolution
		HideSolutionNode = FALSE
	EndGlobalSection
	GlobalSection(ExtensibilityGlobals) = postSolution
		SolutionGuid = {44FE6FAC-1FA4-4FFA-BEC9-46A0E6C3EF18}
	EndGlobalSection
EndGlobal
